
Microsoft Visual Studio Solution File, Format Version 12.00
# Visual Studio 14
VisualStudioVersion = 14.0.25420.1
MinimumVisualStudioVersion = 10.0.40219.1
Project("{F184B08F-C81C-45F6-A57F-5ABD9991F28F}") = "WindowsApp1", "WindowsApp1\WindowsApp1.vbproj", "{4929B501-7A8E-43CF-A4C2-6F299ACFE848}"
EndProject
Global
	GlobalSection(SolutionConfigurationPlatforms) = preSolution
		Debug|Any CPU = Debug|Any CPU
		Debug|x86 = Debug|x86
		Release|Any CPU = Release|Any CPU
		Release|x86 = Release|x86
	EndGlobalSection
	GlobalSection(ProjectConfigurationPlatforms) = postSolution
		{4929B501-7A8E-43CF-A4C2-6F299ACFE848}.Debug|Any CPU.ActiveCfg = Debug|Any CPU
		{4929B501-7A8E-43CF-A4C2-6F299ACFE848}.Debug|Any CPU.Build.0 = Debug|Any CPU
		{4929B501-7A8E-43CF-A4C2-6F299ACFE848}.Debug|x86.ActiveCfg = Debug|x86
		{4929B501-7A8E-43CF-A4C2-6F299ACFE848}.Debug|x86.Build.0 = Debug|x86
		{4929B501-7A8E-43CF-A4C2-6F299ACFE848}.Release|Any CPU.ActiveCfg = Release|Any CPU
		{4929B501-7A8E-43CF-A4C2-6F299ACFE848}.Release|Any CPU.Build.0 = Release|Any CPU
		{4929B501-7A8E-43CF-A4C2-6F299ACFE848}.Release|x86.ActiveCfg = Release|x86
		{4929B501-7A8E-43CF-A4C2-6F299ACFE848}.Release|x86.Build.0 = Release|x86
	EndGlobalSection
	GlobalSection(SolutionProperties) = preSolution
		HideSolutionNode = FALSE
	EndGlobalSection
	GlobalSection(ExtensibilityGlobals) = postSolution
		SolutionGuid = {10BF75E2-3E2A-4DDF-88B2-92FA1489C8F0}
	EndGlobalSection
EndGlobal
